
Microsoft Visual Studio Solution File, Format Version 12.00
# Visual Studio Version 16
VisualStudioVersion = 16.0.31624.102
MinimumVisualStudioVersion = 10.0.40219.1
Project("{2150E333-8FDC-42A3-9474-1A3956D46DE8}") = "FrontEnd", "FrontEnd", "{C541ABD1-4CAF-42BF-9826-AA454BEE2976}"
EndProject
Project("{9A19103F-16F7-4668-BE54-9A1E7A4F7556}") = "WebAppMVC", "WebAppMVC\WebAppMVC.csproj", "{02A5E672-2D61-41DC-B401-440D85BC8C22}"
EndProject
Project("{2150E333-8FDC-42A3-9474-1A3956D46DE8}") = "Services", "Services", "{CBDF0716-F167-4FBB-9994-82026F747EFF}"
EndProject
Project("{9A19103F-16F7-4668-BE54-9A1E7A4F7556}") = "BillingApi", "BillingApi\BillingApi.csproj", "{069C4E01-5DD8-4DC9-A69A-6F9A0A5A2E4E}"
EndProject
Global
	GlobalSection(SolutionConfigurationPlatforms) = preSolution
		Debug|Any CPU = Debug|Any CPU
		Release|Any CPU = Release|Any CPU
	EndGlobalSection
	GlobalSection(ProjectConfigurationPlatforms) = postSolution
		{02A5E672-2D61-41DC-B401-440D85BC8C22}.Debug|Any CPU.ActiveCfg = Debug|Any CPU
		{02A5E672-2D61-41DC-B401-440D85BC8C22}.Debug|Any CPU.Build.0 = Debug|Any CPU
		{02A5E672-2D61-41DC-B401-440D85BC8C22}.Release|Any CPU.ActiveCfg = Release|Any CPU
		{02A5E672-2D61-41DC-B401-440D85BC8C22}.Release|Any CPU.Build.0 = Release|Any CPU
		{069C4E01-5DD8-4DC9-A69A-6F9A0A5A2E4E}.Debug|Any CPU.ActiveCfg = Debug|Any CPU
		{069C4E01-5DD8-4DC9-A69A-6F9A0A5A2E4E}.Debug|Any CPU.Build.0 = Debug|Any CPU
		{069C4E01-5DD8-4DC9-A69A-6F9A0A5A2E4E}.Release|Any CPU.ActiveCfg = Release|Any CPU
		{069C4E01-5DD8-4DC9-A69A-6F9A0A5A2E4E}.Release|Any CPU.Build.0 = Release|Any CPU
	EndGlobalSection
	GlobalSection(SolutionProperties) = preSolution
		HideSolutionNode = FALSE
	EndGlobalSection
	GlobalSection(NestedProjects) = preSolution
		{02A5E672-2D61-41DC-B401-440D85BC8C22} = {C541ABD1-4CAF-42BF-9826-AA454BEE2976}
		{069C4E01-5DD8-4DC9-A69A-6F9A0A5A2E4E} = {CBDF0716-F167-4FBB-9994-82026F747EFF}
	EndGlobalSection
	GlobalSection(ExtensibilityGlobals) = postSolution
		SolutionGuid = {D8C33EFC-04A3-432F-BC0F-9A55458E169A}
	EndGlobalSection
EndGlobal
